schema: '2.0'
stages:
  Data_Collection:
    cmd: python src/data_collection.py
    deps:
    - path: Churn_Data/Demographics.xlsx
      hash: md5
      md5: 85fb796f1b2c95fb2857c094d627a91e
      size: 300878
    - path: Churn_Data/Location.xlsx
      hash: md5
      md5: 392063b0562d2cb070f619d4492e1d21
      size: 542906
    - path: Churn_Data/Population.xlsx
      hash: md5
      md5: 45ad4e6c60d18244f93e9f00ee4dd7b8
      size: 40845
    - path: Churn_Data/Services.xlsx
      hash: md5
      md5: f23a73ea0186a76b8631d023a25669a6
      size: 1033834
    - path: Churn_Data/Status.xlsx
      hash: md5
      md5: d1b920ab6e29f3f3cb06742dfe5b5f8b
      size: 429339
    - path: src/data_collection.py
      hash: md5
      md5: 1f1ad2262e18e0bb557db4f01b100c58
      size: 4083
    outs:
    - path: data/raw/test.csv
      hash: md5
      md5: 847a9f18c4d0fd53641f11e0d750d6ef
      size: 212187
    - path: data/raw/train.csv
      hash: md5
      md5: b1b3f280022f0cf7007f0e777daef8e5
      size: 847206
  Data_Preprocessing:
    cmd: python src/data_preprocessing.py
    deps:
    - path: data/raw/test.csv
      hash: md5
      md5: 847a9f18c4d0fd53641f11e0d750d6ef
      size: 212187
    - path: data/raw/train.csv
      hash: md5
      md5: b1b3f280022f0cf7007f0e777daef8e5
      size: 847206
    - path: src/data_preprocessing.py
      hash: md5
      md5: f18f4b4af6ab7f1d0787735fceaeb967
      size: 6595
    outs:
    - path: data/processed/test_processed.csv
      hash: md5
      md5: 5bbbcff4a29153f446f1652ee1c98974
      size: 513280
    - path: data/processed/train_processed.csv
      hash: md5
      md5: 214aa8e48c217b19adc0796d4249b050
      size: 2050122
    - path: preprocessor.pkl
      hash: md5
      md5: 29d4ea74d858ed4e7a27a04210919472
      size: 4019
  Model_Training:
    cmd: python src/model_training.py --model-type all
    deps:
    - path: data/processed/test_processed.csv
      hash: md5
      md5: 5bbbcff4a29153f446f1652ee1c98974
      size: 513280
    - path: data/processed/train_processed.csv
      hash: md5
      md5: 214aa8e48c217b19adc0796d4249b050
      size: 2050122
    - path: src/model_training.py
      hash: md5
      md5: 33687795ce0cabf112e5c25104a6e3ee
      size: 13608
    params:
      params.yaml:
        model:
          model_type: all
          n_estimators: 200
          max_depth: 8
          random_state: 42
          learning_rate: 0.08
          subsample: 0.95
          colsample_bytree: 0.95
          max_iter: 1000
          C: 1.0
    outs:
    - path: .mlflow_run_id
      hash: md5
      md5: b38660226589990db0691562f8767308
      size: 32
    - path: model.pkl
      hash: md5
      md5: d43a7d659538e0662d3ca74861b3c4ee
      size: 580195
  Evaluation:
    cmd: python src/model_evaluation.py
    deps:
    - path: .mlflow_run_id
      hash: md5
      md5: b38660226589990db0691562f8767308
      size: 32
    - path: model.pkl
      hash: md5
      md5: d43a7d659538e0662d3ca74861b3c4ee
      size: 580195
    - path: preprocessor.pkl
      hash: md5
      md5: 29d4ea74d858ed4e7a27a04210919472
      size: 4019
    - path: src/model_evaluation.py
      hash: md5
      md5: 5f4b761bfb3e646b7b03a0bd5343960d
      size: 4228
    outs:
    - path: metrics.json
      hash: md5
      md5: f594bd7521cc4b87a8fa26fb8d065cf4
      size: 419
